
Microsoft Visual Studio Solution File, Format Version 12.00
# Visual Studio Version 17
VisualStudioVersion = 17.3.32922.545
MinimumVisualStudioVersion = 10.0.40219.1
Project("{FAE04EC0-301F-11D3-BF4B-00C04F79EFBC}") = "QuickSort", "QuickSort\QuickSort.csproj", "{13C46E32-BA39-4679-9A22-299E2FF24230}"
EndProject
Global
	GlobalSection(SolutionConfigurationPlatforms) = preSolution
		Debug|Any CPU = Debug|Any CPU
		Release|Any CPU = Release|Any CPU
	EndGlobalSection
	GlobalSection(ProjectConfigurationPlatforms) = postSolution
		{13C46E32-BA39-4679-9A22-299E2FF24230}.Debug|Any CPU.ActiveCfg = Debug|Any CPU
		{13C46E32-BA39-4679-9A22-299E2FF24230}.Debug|Any CPU.Build.0 = Debug|Any CPU
		{13C46E32-BA39-4679-9A22-299E2FF24230}.Release|Any CPU.ActiveCfg = Release|Any CPU
		{13C46E32-BA39-4679-9A22-299E2FF24230}.Release|Any CPU.Build.0 = Release|Any CPU
	EndGlobalSection
	GlobalSection(SolutionProperties) = preSolution
		HideSolutionNode = FALSE
	EndGlobalSection
	GlobalSection(ExtensibilityGlobals) = postSolution
		SolutionGuid = {51FAB9F8-4049-4A34-A286-03E1E881604C}
	EndGlobalSection
EndGlobal
